
Microsoft Visual Studio Solution File, Format Version 12.00
# Visual Studio Version 17
VisualStudioVersion = 17.13.35931.197 d17.13
MinimumVisualStudioVersion = 10.0.40219.1
Project("{FAE04EC0-301F-11D3-BF4B-00C04F79EFBC}") = "Store.G03.API", "Store.G03.API\Store.G03.API.csproj", "{FC2A5318-FEEC-4894-8B38-E226F504D337}"
EndProject
Project("{2150E333-8FDC-42A3-9474-1A3956D46DE8}") = "Core", "Core", "{02EA681E-C7D8-13C7-8484-4AC65E1B71E8}"
EndProject
Project("{2150E333-8FDC-42A3-9474-1A3956D46DE8}") = "Infrastructure", "Infrastructure", "{F337006A-DA7A-4DA1-AFA1-2C8071FDCC09}"
EndProject
Project("{FAE04EC0-301F-11D3-BF4B-00C04F79EFBC}") = "Domain", "Core\Domain\Domain.csproj", "{41AC2B8E-8C4E-4C2E-AE89-500DE19F7289}"
EndProject
Project("{FAE04EC0-301F-11D3-BF4B-00C04F79EFBC}") = "Services", "Core\Services\Services.csproj", "{9915F44F-679B-4C02-ABF8-ADB630E074D0}"
EndProject
Project("{FAE04EC0-301F-11D3-BF4B-00C04F79EFBC}") = "Services.Abstractions", "Core\ServicesAbstractions\Services.Abstractions.csproj", "{C4E38480-9DF4-4CF4-BB34-E32706148927}"
EndProject
Project("{FAE04EC0-301F-11D3-BF4B-00C04F79EFBC}") = "Presistence", "Infrastructure\Presistence\Presistence.csproj", "{CC35F313-F3CB-4C52-8EF4-6FBA942D3DC5}"
EndProject
Project("{FAE04EC0-301F-11D3-BF4B-00C04F79EFBC}") = "Presentation", "Infrastructure\Presentation\Presentation.csproj", "{44B2B522-F7D4-423C-B3AD-C1CF7D8C3239}"
EndProject
Project("{FAE04EC0-301F-11D3-BF4B-00C04F79EFBC}") = "Shared", "Shared\Shared.csproj", "{7C586EBA-489B-448A-9A59-A741E2CFE4CB}"
EndProject
Global
	GlobalSection(SolutionConfigurationPlatforms) = preSolution
		Debug|Any CPU = Debug|Any CPU
		Release|Any CPU = Release|Any CPU
	EndGlobalSection
	GlobalSection(ProjectConfigurationPlatforms) = postSolution
		{FC2A5318-FEEC-4894-8B38-E226F504D337}.Debug|Any CPU.ActiveCfg = Debug|Any CPU
		{FC2A5318-FEEC-4894-8B38-E226F504D337}.Debug|Any CPU.Build.0 = Debug|Any CPU
		{FC2A5318-FEEC-4894-8B38-E226F504D337}.Release|Any CPU.ActiveCfg = Release|Any CPU
		{FC2A5318-FEEC-4894-8B38-E226F504D337}.Release|Any CPU.Build.0 = Release|Any CPU
		{41AC2B8E-8C4E-4C2E-AE89-500DE19F7289}.Debug|Any CPU.ActiveCfg = Debug|Any CPU
		{41AC2B8E-8C4E-4C2E-AE89-500DE19F7289}.Debug|Any CPU.Build.0 = Debug|Any CPU
		{41AC2B8E-8C4E-4C2E-AE89-500DE19F7289}.Release|Any CPU.ActiveCfg = Release|Any CPU
		{41AC2B8E-8C4E-4C2E-AE89-500DE19F7289}.Release|Any CPU.Build.0 = Release|Any CPU
		{9915F44F-679B-4C02-ABF8-ADB630E074D0}.Debug|Any CPU.ActiveCfg = Debug|Any CPU
		{9915F44F-679B-4C02-ABF8-ADB630E074D0}.Debug|Any CPU.Build.0 = Debug|Any CPU
		{9915F44F-679B-4C02-ABF8-ADB630E074D0}.Release|Any CPU.ActiveCfg = Release|Any CPU
		{9915F44F-679B-4C02-ABF8-ADB630E074D0}.Release|Any CPU.Build.0 = Release|Any CPU
		{C4E38480-9DF4-4CF4-BB34-E32706148927}.Debug|Any CPU.ActiveCfg = Debug|Any CPU
		{C4E38480-9DF4-4CF4-BB34-E32706148927}.Debug|Any CPU.Build.0 = Debug|Any CPU
		{C4E38480-9DF4-4CF4-BB34-E32706148927}.Release|Any CPU.ActiveCfg = Release|Any CPU
		{C4E38480-9DF4-4CF4-BB34-E32706148927}.Release|Any CPU.Build.0 = Release|Any CPU
		{CC35F313-F3CB-4C52-8EF4-6FBA942D3DC5}.Debug|Any CPU.ActiveCfg = Debug|Any CPU
		{CC35F313-F3CB-4C52-8EF4-6FBA942D3DC5}.Debug|Any CPU.Build.0 = Debug|Any CPU
		{CC35F313-F3CB-4C52-8EF4-6FBA942D3DC5}.Release|Any CPU.ActiveCfg = Release|Any CPU
		{CC35F313-F3CB-4C52-8EF4-6FBA942D3DC5}.Release|Any CPU.Build.0 = Release|Any CPU
		{44B2B522-F7D4-423C-B3AD-C1CF7D8C3239}.Debug|Any CPU.ActiveCfg = Debug|Any CPU
		{44B2B522-F7D4-423C-B3AD-C1CF7D8C3239}.Debug|Any CPU.Build.0 = Debug|Any CPU
		{44B2B522-F7D4-423C-B3AD-C1CF7D8C3239}.Release|Any CPU.ActiveCfg = Release|Any CPU
		{44B2B522-F7D4-423C-B3AD-C1CF7D8C3239}.Release|Any CPU.Build.0 = Release|Any CPU
		{7C586EBA-489B-448A-9A59-A741E2CFE4CB}.Debug|Any CPU.ActiveCfg = Debug|Any CPU
		{7C586EBA-489B-448A-9A59-A741E2CFE4CB}.Debug|Any CPU.Build.0 = Debug|Any CPU
		{7C586EBA-489B-448A-9A59-A741E2CFE4CB}.Release|Any CPU.ActiveCfg = Release|Any CPU
		{7C586EBA-489B-448A-9A59-A741E2CFE4CB}.Release|Any CPU.Build.0 = Release|Any CPU
	EndGlobalSection
	GlobalSection(SolutionProperties) = preSolution
		HideSolutionNode = FALSE
	EndGlobalSection
	GlobalSection(NestedProjects) = preSolution
		{41AC2B8E-8C4E-4C2E-AE89-500DE19F7289} = {02EA681E-C7D8-13C7-8484-4AC65E1B71E8}
		{9915F44F-679B-4C02-ABF8-ADB630E074D0} = {02EA681E-C7D8-13C7-8484-4AC65E1B71E8}
		{C4E38480-9DF4-4CF4-BB34-E32706148927} = {02EA681E-C7D8-13C7-8484-4AC65E1B71E8}
		{CC35F313-F3CB-4C52-8EF4-6FBA942D3DC5} = {F337006A-DA7A-4DA1-AFA1-2C8071FDCC09}
		{44B2B522-F7D4-423C-B3AD-C1CF7D8C3239} = {F337006A-DA7A-4DA1-AFA1-2C8071FDCC09}
	EndGlobalSection
	GlobalSection(ExtensibilityGlobals) = postSolution
		SolutionGuid = {1751CC86-F110-461F-BCC8-AD40D83D1155}
	EndGlobalSection
EndGlobal
